
Microsoft Visual Studio Solution File, Format Version 12.00
# Visual Studio Version 17
VisualStudioVersion = 17.13.35806.99
MinimumVisualStudioVersion = 10.0.40219.1
Project("{FAE04EC0-301F-11D3-BF4B-00C04F79EFBC}") = "GlobeTrek", "GlobeTrek\GlobeTrek.csproj", "{A9ADCF14-F696-4F8D-9BD5-943DF7D3C233}"
EndProject
Global
	GlobalSection(SolutionConfigurationPlatforms) = preSolution
		Debug|Any CPU = Debug|Any CPU
		Release|Any CPU = Release|Any CPU
	EndGlobalSection
	GlobalSection(ProjectConfigurationPlatforms) = postSolution
		{A9ADCF14-F696-4F8D-9BD5-943DF7D3C233}.Debug|Any CPU.ActiveCfg = Debug|Any CPU
		{A9ADCF14-F696-4F8D-9BD5-943DF7D3C233}.Debug|Any CPU.Build.0 = Debug|Any CPU
		{A9ADCF14-F696-4F8D-9BD5-943DF7D3C233}.Release|Any CPU.ActiveCfg = Release|Any CPU
		{A9ADCF14-F696-4F8D-9BD5-943DF7D3C233}.Release|Any CPU.Build.0 = Release|Any CPU
	EndGlobalSection
	GlobalSection(SolutionProperties) = preSolution
		HideSolutionNode = FALSE
	EndGlobalSection
	GlobalSection(ExtensibilityGlobals) = postSolution
		SolutionGuid = {F881F662-A1F8-49BA-BED5-0A298C2536A9}
	EndGlobalSection
EndGlobal
